# THIS IS AN AUTOGENERATED FILE. DO NOT EDIT THIS FILE DIRECTLY.
# yarn lockfile v1


jotai@^2.5.0:
  version "2.5.0"
  resolved "https://registry.yarnpkg.com/jotai/-/jotai-2.5.0.tgz#dcf4fcfe5e9503fa7d0292eb30eaa4225b01dea3"
  integrity sha512-iPJDFrhNw3KU4o4SSAESeZoW+nM1L/76VULXZWF23qmivBEcbAQjiF5n1W4Hn5dXAol4tmtEYe4HH7d9emEz0Q==
